
Microsoft Visual Studio Solution File, Format Version 12.00
# Visual Studio Version 16
VisualStudioVersion = 16.0.31729.503
MinimumVisualStudioVersion = 10.0.40219.1
Project("{FAE04EC0-301F-11D3-BF4B-00C04F79EFBC}") = "App", "App\App.csproj", "{6940196C-EF73-4D01-9EDB-94DF9E55005B}"
EndProject
Global
	GlobalSection(SolutionConfigurationPlatforms) = preSolution
		Debug|Any CPU = Debug|Any CPU
		Release|Any CPU = Release|Any CPU
	EndGlobalSection
	GlobalSection(ProjectConfigurationPlatforms) = postSolution
		{6940196C-EF73-4D01-9EDB-94DF9E55005B}.Debug|Any CPU.ActiveCfg = Debug|Any CPU
		{6940196C-EF73-4D01-9EDB-94DF9E55005B}.Debug|Any CPU.Build.0 = Debug|Any CPU
		{6940196C-EF73-4D01-9EDB-94DF9E55005B}.Release|Any CPU.ActiveCfg = Release|Any CPU
		{6940196C-EF73-4D01-9EDB-94DF9E55005B}.Release|Any CPU.Build.0 = Release|Any CPU
	EndGlobalSection
	GlobalSection(SolutionProperties) = preSolution
		HideSolutionNode = FALSE
	EndGlobalSection
	GlobalSection(ExtensibilityGlobals) = postSolution
		SolutionGuid = {433DB2D1-935D-4CB3-B259-30949C8C17CF}
	EndGlobalSection
EndGlobal
